
Microsoft Visual Studio Solution File, Format Version 12.00
# Visual Studio Version 17
VisualStudioVersion = 17.12.35527.113
MinimumVisualStudioVersion = 10.0.40219.1
Project("{2150E333-8FDC-42A3-9474-1A3956D46DE8}") = "Core", "Core", "{62A6BDFF-E6B1-4E32-8B67-05951935E3D3}"
EndProject
Project("{2150E333-8FDC-42A3-9474-1A3956D46DE8}") = "Application", "Application", "{9970915B-FD23-4E81-8989-F217ED5E2195}"
EndProject
Project("{2150E333-8FDC-42A3-9474-1A3956D46DE8}") = "Infrastructure", "Infrastructure", "{818BA7A7-AD26-4F9F-A06C-61D4B3177DF6}"
EndProject
Project("{2150E333-8FDC-42A3-9474-1A3956D46DE8}") = "API", "API", "{57DB5D30-E02B-4071-BE4F-B8CC905CE259}"
EndProject
Project("{2150E333-8FDC-42A3-9474-1A3956D46DE8}") = "Entities", "Entities", "{1B6D393F-5ACD-45B0-AED6-B90FCB59A460}"
EndProject
Project("{2150E333-8FDC-42A3-9474-1A3956D46DE8}") = "Interfaces", "Interfaces", "{4A274B9E-9FD0-4E79-AB28-ADB5FE99E45E}"
EndProject
Project("{2150E333-8FDC-42A3-9474-1A3956D46DE8}") = "Services", "Services", "{368F7729-E4E1-4FD1-B9DC-4E7A04593908}"
EndProject
Project("{FAE04EC0-301F-11D3-BF4B-00C04F79EFBC}") = "OpenMovie.Application.Services", "OpenMovie.Application.Services\OpenMovie.Application.Services.csproj", "{4F884BD7-C032-4F70-BC57-017956303DE2}"
EndProject
Project("{2150E333-8FDC-42A3-9474-1A3956D46DE8}") = "Services", "Services", "{613B81E7-AF47-4AFA-A4C5-B286A23C5396}"
EndProject
Project("{2150E333-8FDC-42A3-9474-1A3956D46DE8}") = "Interfaces", "Interfaces", "{31719DBE-98DD-419C-AB38-3E38929A8C7E}"
EndProject
Project("{FAE04EC0-301F-11D3-BF4B-00C04F79EFBC}") = "OpenMovie.Core.Entities", "OpenMovie.Core.Entities\OpenMovie.Core.Entities.csproj", "{AA4117F1-0F1B-4169-8D0B-D81AE169D660}"
EndProject
Project("{FAE04EC0-301F-11D3-BF4B-00C04F79EFBC}") = "OpenMovie.Core.Interfaces", "OpenMovie.Core.Interfaces\OpenMovie.Core.Interfaces.csproj", "{8C30AB3D-A736-4FB3-9980-79F59DEAABCB}"
EndProject
Project("{FAE04EC0-301F-11D3-BF4B-00C04F79EFBC}") = "OpenMovie.Infrastructure.Interfaces", "OpenMovie.Infrastructure.Interfaces\OpenMovie.Infrastructure.Interfaces.csproj", "{AE712E1A-B2AF-42AC-91B4-E04511DB02CA}"
EndProject
Project("{FAE04EC0-301F-11D3-BF4B-00C04F79EFBC}") = "OpenMovie.Infrastructure.Services", "OpenMovie.Infrastructure.Services\OpenMovie.Infrastructure.Services.csproj", "{5E82CFFF-BFD8-43F2-837E-105037EE32B4}"
EndProject
Project("{FAE04EC0-301F-11D3-BF4B-00C04F79EFBC}") = "OpenMovie.API", "OpenMovie.API\OpenMovie.API.csproj", "{54A2A19A-8B4B-446A-B173-E9ACE9791796}"
EndProject
Project("{2150E333-8FDC-42A3-9474-1A3956D46DE8}") = "CQRS", "CQRS", "{8D871643-B1D7-4CE9-B259-A610C6870E83}"
EndProject
Project("{2150E333-8FDC-42A3-9474-1A3956D46DE8}") = "Models", "Models", "{BCAAF356-16C8-4DAB-8ADC-51357B109851}"
EndProject
Project("{FAE04EC0-301F-11D3-BF4B-00C04F79EFBC}") = "OpenMovie.Application.CQRS.Models", "OpenMovie.Application.CQRS.Models\OpenMovie.Application.CQRS.Models.csproj", "{25CE06D3-51D1-4FAB-89B9-DA5DBC2B2941}"
EndProject
Project("{2150E333-8FDC-42A3-9474-1A3956D46DE8}") = "Handlers", "Handlers", "{88913747-5895-4F34-A5EE-1804A2EC6D4A}"
EndProject
Project("{FAE04EC0-301F-11D3-BF4B-00C04F79EFBC}") = "OpenMovie.Application.CQRS.Handlers", "OpenMovie.Application.CQRS.Handlers\OpenMovie.Application.CQRS.Handlers.csproj", "{47B9B206-FE38-47E3-97D4-E52040A0B88E}"
EndProject
Project("{2150E333-8FDC-42A3-9474-1A3956D46DE8}") = "Common", "Common", "{C6FA2D8B-0548-4A99-839D-1449918B3F6A}"
EndProject
Project("{FAE04EC0-301F-11D3-BF4B-00C04F79EFBC}") = "OpenMovie.Core.Common", "OpenMovie.Core.Common\OpenMovie.Core.Common.csproj", "{074D6DAB-547A-4A66-981E-EA0D306FFDD3}"
EndProject
Project("{FAE04EC0-301F-11D3-BF4B-00C04F79EFBC}") = "OpenMovie.APITests", "OpenMovie.APITests\OpenMovie.APITests.csproj", "{F66DD5C5-E8EC-4882-835C-5FE2C4A7E355}"
EndProject
Project("{FAE04EC0-301F-11D3-BF4B-00C04F79EFBC}") = "OpenMovie.Application.ServicesTests", "OpenMovie.Application.ServicesTests\OpenMovie.Application.ServicesTests.csproj", "{D4DEB804-3198-48EA-9F42-D3D9F6E7BC3A}"
EndProject
Project("{FAE04EC0-301F-11D3-BF4B-00C04F79EFBC}") = "OpenMovie.Application.CQRS.HandlersTests", "OpenMovie.Application.CQRS.HandlersTests\OpenMovie.Application.CQRS.HandlersTests.csproj", "{B04F5541-285B-45B8-8681-872182F8B1EB}"
EndProject
Global
	GlobalSection(SolutionConfigurationPlatforms) = preSolution
		Debug|Any CPU = Debug|Any CPU
		Release|Any CPU = Release|Any CPU
	EndGlobalSection
	GlobalSection(ProjectConfigurationPlatforms) = postSolution
		{4F884BD7-C032-4F70-BC57-017956303DE2}.Debug|Any CPU.ActiveCfg = Debug|Any CPU
		{4F884BD7-C032-4F70-BC57-017956303DE2}.Debug|Any CPU.Build.0 = Debug|Any CPU
		{4F884BD7-C032-4F70-BC57-017956303DE2}.Release|Any CPU.ActiveCfg = Release|Any CPU
		{4F884BD7-C032-4F70-BC57-017956303DE2}.Release|Any CPU.Build.0 = Release|Any CPU
		{AA4117F1-0F1B-4169-8D0B-D81AE169D660}.Debug|Any CPU.ActiveCfg = Debug|Any CPU
		{AA4117F1-0F1B-4169-8D0B-D81AE169D660}.Debug|Any CPU.Build.0 = Debug|Any CPU
		{AA4117F1-0F1B-4169-8D0B-D81AE169D660}.Release|Any CPU.ActiveCfg = Release|Any CPU
		{AA4117F1-0F1B-4169-8D0B-D81AE169D660}.Release|Any CPU.Build.0 = Release|Any CPU
		{8C30AB3D-A736-4FB3-9980-79F59DEAABCB}.Debug|Any CPU.ActiveCfg = Debug|Any CPU
		{8C30AB3D-A736-4FB3-9980-79F59DEAABCB}.Debug|Any CPU.Build.0 = Debug|Any CPU
		{8C30AB3D-A736-4FB3-9980-79F59DEAABCB}.Release|Any CPU.ActiveCfg = Release|Any CPU
		{8C30AB3D-A736-4FB3-9980-79F59DEAABCB}.Release|Any CPU.Build.0 = Release|Any CPU
		{AE712E1A-B2AF-42AC-91B4-E04511DB02CA}.Debug|Any CPU.ActiveCfg = Debug|Any CPU
		{AE712E1A-B2AF-42AC-91B4-E04511DB02CA}.Debug|Any CPU.Build.0 = Debug|Any CPU
		{AE712E1A-B2AF-42AC-91B4-E04511DB02CA}.Release|Any CPU.ActiveCfg = Release|Any CPU
		{AE712E1A-B2AF-42AC-91B4-E04511DB02CA}.Release|Any CPU.Build.0 = Release|Any CPU
		{5E82CFFF-BFD8-43F2-837E-105037EE32B4}.Debug|Any CPU.ActiveCfg = Debug|Any CPU
		{5E82CFFF-BFD8-43F2-837E-105037EE32B4}.Debug|Any CPU.Build.0 = Debug|Any CPU
		{5E82CFFF-BFD8-43F2-837E-105037EE32B4}.Release|Any CPU.ActiveCfg = Release|Any CPU
		{5E82CFFF-BFD8-43F2-837E-105037EE32B4}.Release|Any CPU.Build.0 = Release|Any CPU
		{54A2A19A-8B4B-446A-B173-E9ACE9791796}.Debug|Any CPU.ActiveCfg = Debug|Any CPU
		{54A2A19A-8B4B-446A-B173-E9ACE9791796}.Debug|Any CPU.Build.0 = Debug|Any CPU
		{54A2A19A-8B4B-446A-B173-E9ACE9791796}.Release|Any CPU.ActiveCfg = Release|Any CPU
		{54A2A19A-8B4B-446A-B173-E9ACE9791796}.Release|Any CPU.Build.0 = Release|Any CPU
		{25CE06D3-51D1-4FAB-89B9-DA5DBC2B2941}.Debug|Any CPU.ActiveCfg = Debug|Any CPU
		{25CE06D3-51D1-4FAB-89B9-DA5DBC2B2941}.Debug|Any CPU.Build.0 = Debug|Any CPU
		{25CE06D3-51D1-4FAB-89B9-DA5DBC2B2941}.Release|Any CPU.ActiveCfg = Release|Any CPU
		{25CE06D3-51D1-4FAB-89B9-DA5DBC2B2941}.Release|Any CPU.Build.0 = Release|Any CPU
		{47B9B206-FE38-47E3-97D4-E52040A0B88E}.Debug|Any CPU.ActiveCfg = Debug|Any CPU
		{47B9B206-FE38-47E3-97D4-E52040A0B88E}.Debug|Any CPU.Build.0 = Debug|Any CPU
		{47B9B206-FE38-47E3-97D4-E52040A0B88E}.Release|Any CPU.ActiveCfg = Release|Any CPU
		{47B9B206-FE38-47E3-97D4-E52040A0B88E}.Release|Any CPU.Build.0 = Release|Any CPU
		{074D6DAB-547A-4A66-981E-EA0D306FFDD3}.Debug|Any CPU.ActiveCfg = Debug|Any CPU
		{074D6DAB-547A-4A66-981E-EA0D306FFDD3}.Debug|Any CPU.Build.0 = Debug|Any CPU
		{074D6DAB-547A-4A66-981E-EA0D306FFDD3}.Release|Any CPU.ActiveCfg = Release|Any CPU
		{074D6DAB-547A-4A66-981E-EA0D306FFDD3}.Release|Any CPU.Build.0 = Release|Any CPU
		{F66DD5C5-E8EC-4882-835C-5FE2C4A7E355}.Debug|Any CPU.ActiveCfg = Debug|Any CPU
		{F66DD5C5-E8EC-4882-835C-5FE2C4A7E355}.Debug|Any CPU.Build.0 = Debug|Any CPU
		{F66DD5C5-E8EC-4882-835C-5FE2C4A7E355}.Release|Any CPU.ActiveCfg = Release|Any CPU
		{F66DD5C5-E8EC-4882-835C-5FE2C4A7E355}.Release|Any CPU.Build.0 = Release|Any CPU
		{D4DEB804-3198-48EA-9F42-D3D9F6E7BC3A}.Debug|Any CPU.ActiveCfg = Debug|Any CPU
		{D4DEB804-3198-48EA-9F42-D3D9F6E7BC3A}.Debug|Any CPU.Build.0 = Debug|Any CPU
		{D4DEB804-3198-48EA-9F42-D3D9F6E7BC3A}.Release|Any CPU.ActiveCfg = Release|Any CPU
		{D4DEB804-3198-48EA-9F42-D3D9F6E7BC3A}.Release|Any CPU.Build.0 = Release|Any CPU
		{B04F5541-285B-45B8-8681-872182F8B1EB}.Debug|Any CPU.ActiveCfg = Debug|Any CPU
		{B04F5541-285B-45B8-8681-872182F8B1EB}.Debug|Any CPU.Build.0 = Debug|Any CPU
		{B04F5541-285B-45B8-8681-872182F8B1EB}.Release|Any CPU.ActiveCfg = Release|Any CPU
		{B04F5541-285B-45B8-8681-872182F8B1EB}.Release|Any CPU.Build.0 = Release|Any CPU
	EndGlobalSection
	GlobalSection(SolutionProperties) = preSolution
		HideSolutionNode = FALSE
	EndGlobalSection
	GlobalSection(NestedProjects) = preSolution
		{1B6D393F-5ACD-45B0-AED6-B90FCB59A460} = {62A6BDFF-E6B1-4E32-8B67-05951935E3D3}
		{4A274B9E-9FD0-4E79-AB28-ADB5FE99E45E} = {62A6BDFF-E6B1-4E32-8B67-05951935E3D3}
		{368F7729-E4E1-4FD1-B9DC-4E7A04593908} = {9970915B-FD23-4E81-8989-F217ED5E2195}
		{4F884BD7-C032-4F70-BC57-017956303DE2} = {368F7729-E4E1-4FD1-B9DC-4E7A04593908}
		{613B81E7-AF47-4AFA-A4C5-B286A23C5396} = {818BA7A7-AD26-4F9F-A06C-61D4B3177DF6}
		{31719DBE-98DD-419C-AB38-3E38929A8C7E} = {818BA7A7-AD26-4F9F-A06C-61D4B3177DF6}
		{AA4117F1-0F1B-4169-8D0B-D81AE169D660} = {1B6D393F-5ACD-45B0-AED6-B90FCB59A460}
		{8C30AB3D-A736-4FB3-9980-79F59DEAABCB} = {4A274B9E-9FD0-4E79-AB28-ADB5FE99E45E}
		{AE712E1A-B2AF-42AC-91B4-E04511DB02CA} = {31719DBE-98DD-419C-AB38-3E38929A8C7E}
		{5E82CFFF-BFD8-43F2-837E-105037EE32B4} = {613B81E7-AF47-4AFA-A4C5-B286A23C5396}
		{54A2A19A-8B4B-446A-B173-E9ACE9791796} = {57DB5D30-E02B-4071-BE4F-B8CC905CE259}
		{8D871643-B1D7-4CE9-B259-A610C6870E83} = {9970915B-FD23-4E81-8989-F217ED5E2195}
		{BCAAF356-16C8-4DAB-8ADC-51357B109851} = {8D871643-B1D7-4CE9-B259-A610C6870E83}
		{25CE06D3-51D1-4FAB-89B9-DA5DBC2B2941} = {BCAAF356-16C8-4DAB-8ADC-51357B109851}
		{88913747-5895-4F34-A5EE-1804A2EC6D4A} = {8D871643-B1D7-4CE9-B259-A610C6870E83}
		{47B9B206-FE38-47E3-97D4-E52040A0B88E} = {88913747-5895-4F34-A5EE-1804A2EC6D4A}
		{C6FA2D8B-0548-4A99-839D-1449918B3F6A} = {62A6BDFF-E6B1-4E32-8B67-05951935E3D3}
		{074D6DAB-547A-4A66-981E-EA0D306FFDD3} = {C6FA2D8B-0548-4A99-839D-1449918B3F6A}
		{F66DD5C5-E8EC-4882-835C-5FE2C4A7E355} = {57DB5D30-E02B-4071-BE4F-B8CC905CE259}
		{D4DEB804-3198-48EA-9F42-D3D9F6E7BC3A} = {368F7729-E4E1-4FD1-B9DC-4E7A04593908}
		{B04F5541-285B-45B8-8681-872182F8B1EB} = {88913747-5895-4F34-A5EE-1804A2EC6D4A}
	EndGlobalSection
EndGlobal
